// !$*UTF8*$!
{
	archiveVersion = 1;
	classes = {
	};
	objectVersion = 46;
	objects = {

/* Begin PBXBuildFile section */
		D0BABC851AFD21C50052F0AC /* LTHTripTests.m in Sources */ = {isa = PBXBuildFile; fileRef = D0BABC841AFD21C50052F0AC /* LTHTripTests.m */; };
		D0CD38501AFC3DFF007E9B7D /* LTHTripStore.m in Sources */ = {isa = PBXBuildFile; fileRef = D0CD384F1AFC3DFF007E9B7D /* LTHTripStore.m */; };
		D0FEB7AC1AFBD5880014FF01 /* main.m in Sources */ = {isa = PBXBuildFile; fileRef = D0FEB7AB1AFBD5880014FF01 /* main.m */; };
		D0FEB7AF1AFBD5880014FF01 /* AppDelegate.m in Sources */ = {isa = PBXBuildFile; fileRef = D0FEB7AE1AFBD5880014FF01 /* AppDelegate.m */; };
		D0FEB7B51AFBD5880014FF01 /* Main.storyboard in Resources */ = {isa = PBXBuildFile; fileRef = D0FEB7B31AFBD5880014FF01 /* Main.storyboard */; };
		D0FEB7B71AFBD5880014FF01 /* Images.xcassets in Resources */ = {isa = PBXBuildFile; fileRef = D0FEB7B61AFBD5880014FF01 /* Images.xcassets */; };
		D0FEB7BA1AFBD5880014FF01 /* LaunchScreen.xib in Resources */ = {isa = PBXBuildFile; fileRef = D0FEB7B81AFBD5880014FF01 /* LaunchScreen.xib */; };
		D0FEB7C61AFBD5880014FF01 /* LyftTripHistoryTests.m in Sources */ = {isa = PBXBuildFile; fileRef = D0FEB7C51AFBD5880014FF01 /* LyftTripHistoryTests.m */; };
		D0FEB7D11AFBD76F0014FF01 /* LTHHeaderTableViewCell.m in Sources */ = {isa = PBXBuildFile; fileRef = D0FEB7D01AFBD76F0014FF01 /* LTHHeaderTableViewCell.m */; };
		D0FEB7D51AFBD7FD0014FF01 /* LTHHistoryTableViewController.m in Sources */ = {isa = PBXBuildFile; fileRef = D0FEB7D41AFBD7FD0014FF01 /* LTHHistoryTableViewController.m */; };
		D0FEB7D81AFBE3410014FF01 /* LTHDetailTableViewCell.m in Sources */ = {isa = PBXBuildFile; fileRef = D0FEB7D71AFBE3410014FF01 /* LTHDetailTableViewCell.m */; };
		D0FEB7DB1AFBE9DF0014FF01 /* LTHLocationManager.m in Sources */ = {isa = PBXBuildFile; fileRef = D0FEB7DA1AFBE9DF0014FF01 /* LTHLocationManager.m */; };
		D0FEB7DE1AFC0BCA0014FF01 /* LTHTrip.m in Sources */ = {isa = PBXBuildFile; fileRef = D0FEB7DD1AFC0BCA0014FF01 /* LTHTrip.m */; };
/* End PBXBuildFile section */

/* Begin PBXContainerItemProxy section */
		D0FEB7C01AFBD5880014FF01 /* PBXContainerItemProxy */ = {
			isa = PBXContainerItemProxy;
			containerPortal = D0FEB79E1AFBD5880014FF01 /* Project object */;
			proxyType = 1;
			remoteGlobalIDString = D0FEB7A51AFBD5880014FF01;
			remoteInfo = LyftTripHistory;
		};
/* End PBXContainerItemProxy section */

/* Begin PBXFileReference section */
		D0BABC841AFD21C50052F0AC /* LTHTripTests.m */ = {isa = PBXFileReference; fileEncoding = 4; lastKnownFileType = sourcecode.c.objc; path = LTHTripTests.m; sourceTree = "<group>"; };
		D0CD384E1AFC3DFF007E9B7D /* LTHTripStore.h */ = {isa = PBXFileReference; fileEncoding = 4; lastKnownFileType = sourcecode.c.h; path = LTHTripStore.h; sourceTree = "<group>"; };
		D0CD384F1AFC3DFF007E9B7D /* LTHTripStore.m */ = {isa = PBXFileReference; fileEncoding = 4; lastKnownFileType = sourcecode.c.objc; path = LTHTripStore.m; sourceTree = "<group>"; };
		D0FEB7A61AFBD5880014FF01 /* LyftTripHistory.app */ = {isa = PBXFileReference; explicitFileType = wrapper.application; includeInIndex = 0; path = LyftTripHistory.app; sourceTree = BUILT_PRODUCTS_DIR; };
		D0FEB7AA1AFBD5880014FF01 /* Info.plist */ = {isa = PBXFileReference; lastKnownFileType = text.plist.xml; path = Info.plist; sourceTree = "<group>"; };
		D0FEB7AB1AFBD5880014FF01 /* main.m */ = {isa = PBXFileReference; lastKnownFileType = sourcecode.c.objc; path = main.m; sourceTree = "<group>"; };
		D0FEB7AD1AFBD5880014FF01 /* AppDelegate.h */ = {isa = PBXFileReference; lastKnownFileType = sourcecode.c.h; path = AppDelegate.h; sourceTree = "<group>"; };
		D0FEB7AE1AFBD5880014FF01 /* AppDelegate.m */ = {isa = PBXFileReference; lastKnownFileType = sourcecode.c.objc; path = AppDelegate.m; sourceTree = "<group>"; };
		D0FEB7B41AFBD5880014FF01 /* Base */ = {isa = PBXFileReference; lastKnownFileType = file.storyboard; name = Base; path = Base.lproj/Main.storyboard; sourceTree = "<group>"; };
		D0FEB7B61AFBD5880014FF01 /* Images.xcassets */ = {isa = PBXFileReference; lastKnownFileType = folder.assetcatalog; path = Images.xcassets; sourceTree = "<group>"; };
		D0FEB7B91AFBD5880014FF01 /* Base */ = {isa = PBXFileReference; lastKnownFileType = file.xib; name = Base; path = Base.lproj/LaunchScreen.xib; sourceTree = "<group>"; };
		D0FEB7BF1AFBD5880014FF01 /* LyftTripHistoryTests.xctest */ = {isa = PBXFileReference; explicitFileType = wrapper.cfbundle; includeInIndex = 0; path = LyftTripHistoryTests.xctest; sourceTree = BUILT_PRODUCTS_DIR; };
		D0FEB7C41AFBD5880014FF01 /* Info.plist */ = {isa = PBXFileReference; lastKnownFileType = text.plist.xml; path = Info.plist; sourceTree = "<group>"; };
		D0FEB7C51AFBD5880014FF01 /* LyftTripHistoryTests.m */ = {isa = PBXFileReference; lastKnownFileType = sourcecode.c.objc; path = LyftTripHistoryTests.m; sourceTree = "<group>"; };
		D0FEB7CF1AFBD76F0014FF01 /* LTHHeaderTableViewCell.h */ = {isa = PBXFileReference; fileEncoding = 4; lastKnownFileType = sourcecode.c.h; path = LTHHeaderTableViewCell.h; sourceTree = "<group>"; };
		D0FEB7D01AFBD76F0014FF01 /* LTHHeaderTableViewCell.m */ = {isa = PBXFileReference; fileEncoding = 4; lastKnownFileType = sourcecode.c.objc; path = LTHHeaderTableViewCell.m; sourceTree = "<group>"; };
		D0FEB7D31AFBD7FD0014FF01 /* LTHHistoryTableViewController.h */ = {isa = PBXFileReference; fileEncoding = 4; lastKnownFileType = sourcecode.c.h; path = LTHHistoryTableViewController.h; sourceTree = "<group>"; };
		D0FEB7D41AFBD7FD0014FF01 /* LTHHistoryTableViewController.m */ = {isa = PBXFileReference; fileEncoding = 4; lastKnownFileType = sourcecode.c.objc; path = LTHHistoryTableViewController.m; sourceTree = "<group>"; };
		D0FEB7D61AFBE3410014FF01 /* LTHDetailTableViewCell.h */ = {isa = PBXFileReference; fileEncoding = 4; lastKnownFileType = sourcecode.c.h; path = LTHDetailTableViewCell.h; sourceTree = "<group>"; };
		D0FEB7D71AFBE3410014FF01 /* LTHDetailTableViewCell.m */ = {isa = PBXFileReference; fileEncoding = 4; lastKnownFileType = sourcecode.c.objc; path = LTHDetailTableViewCell.m; sourceTree = "<group>"; };
		D0FEB7D91AFBE9DF0014FF01 /* LTHLocationManager.h */ = {isa = PBXFileReference; fileEncoding = 4; lastKnownFileType = sourcecode.c.h; path = LTHLocationManager.h; sourceTree = "<group>"; };
		D0FEB7DA1AFBE9DF0014FF01 /* LTHLocationManager.m */ = {isa = PBXFileReference; fileEncoding = 4; lastKnownFileType = sourcecode.c.objc; path = LTHLocationManager.m; sourceTree = "<group>"; };
		D0FEB7DC1AFC0BCA0014FF01 /* LTHTrip.h */ = {isa = PBXFileReference; fileEncoding = 4; lastKnownFileType = sourcecode.c.h; path = LTHTrip.h; sourceTree = "<group>"; };
		D0FEB7DD1AFC0BCA0014FF01 /* LTHTrip.m */ = {isa = PBXFileReference; fileEncoding = 4; lastKnownFileType = sourcecode.c.objc; path = LTHTrip.m; sourceTree = "<group>"; };
/* End PBXFileReference section */

/* Begin PBXFrameworksBuildPhase section */
		D0FEB7A31AFBD5880014FF01 /* Frameworks */ = {
			isa = PBXFrameworksBuildPhase;
			buildActionMask = 2147483647;
			files = (
			);
			runOnlyForDeploymentPostprocessing = 0;
		};
		D0FEB7BC1AFBD5880014FF01 /* Frameworks */ = {
			isa = PBXFrameworksBuildPhase;
			buildActionMask = 2147483647;
			files = (
			);
			runOnlyForDeploymentPostprocessing = 0;
		};
/* End PBXFrameworksBuildPhase section */

/* Begin PBXGroup section */
		D0FEB79D1AFBD5880014FF01 = {
			isa = PBXGroup;
			children = (
				D0FEB7A81AFBD5880014FF01 /* LyftTripHistory */,
				D0FEB7C21AFBD5880014FF01 /* LyftTripHistoryTests */,
				D0FEB7A71AFBD5880014FF01 /* Products */,
			);
			sourceTree = "<group>";
		};
		D0FEB7A71AFBD5880014FF01 /* Products */ = {
			isa = PBXGroup;
			children = (
				D0FEB7A61AFBD5880014FF01 /* LyftTripHistory.app */,
				D0FEB7BF1AFBD5880014FF01 /* LyftTripHistoryTests.xctest */,
			);
			name = Products;
			sourceTree = "<group>";
		};
		D0FEB7A81AFBD5880014FF01 /* LyftTripHistory */ = {
			isa = PBXGroup;
			children = (
				D0FEB7AD1AFBD5880014FF01 /* AppDelegate.h */,
				D0FEB7AE1AFBD5880014FF01 /* AppDelegate.m */,
				D0FEB7B61AFBD5880014FF01 /* Images.xcassets */,
				D0FEB7B81AFBD5880014FF01 /* LaunchScreen.xib */,
				D0FEB7D61AFBE3410014FF01 /* LTHDetailTableViewCell.h */,
				D0FEB7D71AFBE3410014FF01 /* LTHDetailTableViewCell.m */,
				D0FEB7CF1AFBD76F0014FF01 /* LTHHeaderTableViewCell.h */,
				D0FEB7D01AFBD76F0014FF01 /* LTHHeaderTableViewCell.m */,
				D0FEB7D31AFBD7FD0014FF01 /* LTHHistoryTableViewController.h */,
				D0FEB7D41AFBD7FD0014FF01 /* LTHHistoryTableViewController.m */,
				D0FEB7D91AFBE9DF0014FF01 /* LTHLocationManager.h */,
				D0FEB7DA1AFBE9DF0014FF01 /* LTHLocationManager.m */,
				D0FEB7DC1AFC0BCA0014FF01 /* LTHTrip.h */,
				D0FEB7DD1AFC0BCA0014FF01 /* LTHTrip.m */,
				D0CD384E1AFC3DFF007E9B7D /* LTHTripStore.h */,
				D0CD384F1AFC3DFF007E9B7D /* LTHTripStore.m */,
				D0FEB7B31AFBD5880014FF01 /* Main.storyboard */,
				D0FEB7A91AFBD5880014FF01 /* Supporting Files */,
			);
			path = LyftTripHistory;
			sourceTree = "<group>";
		};
		D0FEB7A91AFBD5880014FF01 /* Supporting Files */ = {
			isa = PBXGroup;
			children = (
				D0FEB7AA1AFBD5880014FF01 /* Info.plist */,
				D0FEB7AB1AFBD5880014FF01 /* main.m */,
			);
			name = "Supporting Files";
			sourceTree = "<group>";
		};
		D0FEB7C21AFBD5880014FF01 /* LyftTripHistoryTests */ = {
			isa = PBXGroup;
			children = (
				D0BABC841AFD21C50052F0AC /* LTHTripTests.m */,
				D0FEB7C51AFBD5880014FF01 /* LyftTripHistoryTests.m */,
				D0FEB7C31AFBD5880014FF01 /* Supporting Files */,
			);
			path = LyftTripHistoryTests;
			sourceTree = "<group>";
		};
		D0FEB7C31AFBD5880014FF01 /* Supporting Files */ = {
			isa = PBXGroup;
			children = (
				D0FEB7C41AFBD5880014FF01 /* Info.plist */,
			);
			name = "Supporting Files";
			sourceTree = "<group>";
		};
/* End PBXGroup section */

/* Begin PBXNativeTarget section */
		D0FEB7A51AFBD5880014FF01 /* LyftTripHistory */ = {
			isa = PBXNativeTarget;
			buildConfigurationList = D0FEB7C91AFBD5880014FF01 /* Build configuration list for PBXNativeTarget "LyftTripHistory" */;
			buildPhases = (
				D0FEB7A21AFBD5880014FF01 /* Sources */,
				D0FEB7A31AFBD5880014FF01 /* Frameworks */,
				D0FEB7A41AFBD5880014FF01 /* Resources */,
			);
			buildRules = (
			);
			dependencies = (
			);
			name = LyftTripHistory;
			productName = LyftTripHistory;
			productReference = D0FEB7A61AFBD5880014FF01 /* LyftTripHistory.app */;
			productType = "com.apple.product-type.application";
		};
		D0FEB7BE1AFBD5880014FF01 /* LyftTripHistoryTests */ = {
			isa = PBXNativeTarget;
			buildConfigurationList = D0FEB7CC1AFBD5880014FF01 /* Build configuration list for PBXNativeTarget "LyftTripHistoryTests" */;
			buildPhases = (
				D0FEB7BB1AFBD5880014FF01 /* Sources */,
				D0FEB7BC1AFBD5880014FF01 /* Frameworks */,
				D0FEB7BD1AFBD5880014FF01 /* Resources */,
			);
			buildRules = (
			);
			dependencies = (
				D0FEB7C11AFBD5880014FF01 /* PBXTargetDependency */,
			);
			name = LyftTripHistoryTests;
			productName = LyftTripHistoryTests;
			productReference = D0FEB7BF1AFBD5880014FF01 /* LyftTripHistoryTests.xctest */;
			productType = "com.apple.product-type.bundle.unit-test";
		};
/* End PBXNativeTarget section */

/* Begin PBXProject section */
		D0FEB79E1AFBD5880014FF01 /* Project object */ = {
			isa = PBXProject;
			attributes = {
				LastUpgradeCheck = 0630;
				ORGANIZATIONNAME = "Justin Steffen";
				TargetAttributes = {
					D0FEB7A51AFBD5880014FF01 = {
						CreatedOnToolsVersion = 6.3.1;
					};
					D0FEB7BE1AFBD5880014FF01 = {
						CreatedOnToolsVersion = 6.3.1;
						TestTargetID = D0FEB7A51AFBD5880014FF01;
					};
				};
			};
			buildConfigurationList = D0FEB7A11AFBD5880014FF01 /* Build configuration list for PBXProject "LyftTripHistory" */;
			compatibilityVersion = "Xcode 3.2";
			developmentRegion = English;
			hasScannedForEncodings = 0;
			knownRegions = (
				en,
				Base,
			);
			mainGroup = D0FEB79D1AFBD5880014FF01;
			productRefGroup = D0FEB7A71AFBD5880014FF01 /* Products */;
			projectDirPath = "";
			projectRoot = "";
			targets = (
				D0FEB7A51AFBD5880014FF01 /* LyftTripHistory */,
				D0FEB7BE1AFBD5880014FF01 /* LyftTripHistoryTests */,
			);
		};
/* End PBXProject section */

/* Begin PBXResourcesBuildPhase section */
		D0FEB7A41AFBD5880014FF01 /* Resources */ = {
			isa = PBXResourcesBuildPhase;
			buildActionMask = 2147483647;
			files = (
				D0FEB7B51AFBD5880014FF01 /* Main.storyboard in Resources */,
				D0FEB7BA1AFBD5880014FF01 /* LaunchScreen.xib in Resources */,
				D0FEB7B71AFBD5880014FF01 /* Images.xcassets in Resources */,
			);
			runOnlyForDeploymentPostprocessing = 0;
		};
		D0FEB7BD1AFBD5880014FF01 /* Resources */ = {
			isa = PBXResourcesBuildPhase;
			buildActionMask = 2147483647;
			files = (
			);
			runOnlyForDeploymentPostprocessing = 0;
		};
/* End PBXResourcesBuildPhase section */

/* Begin PBXSourcesBuildPhase section */
		D0FEB7A21AFBD5880014FF01 /* Sources */ = {
			isa = PBXSourcesBuildPhase;
			buildActionMask = 2147483647;
			files = (
				D0FEB7D81AFBE3410014FF01 /* LTHDetailTableViewCell.m in Sources */,
				D0FEB7D11AFBD76F0014FF01 /* LTHHeaderTableViewCell.m in Sources */,
				D0FEB7AF1AFBD5880014FF01 /* AppDelegate.m in Sources */,
				D0FEB7DB1AFBE9DF0014FF01 /* LTHLocationManager.m in Sources */,
				D0FEB7AC1AFBD5880014FF01 /* main.m in Sources */,
				D0CD38501AFC3DFF007E9B7D /* LTHTripStore.m in Sources */,
				D0FEB7DE1AFC0BCA0014FF01 /* LTHTrip.m in Sources */,
				D0FEB7D51AFBD7FD0014FF01 /* LTHHistoryTableViewController.m in Sources */,
			);
			runOnlyForDeploymentPostprocessing = 0;
		};
		D0FEB7BB1AFBD5880014FF01 /* Sources */ = {
			isa = PBXSourcesBuildPhase;
			buildActionMask = 2147483647;
			files = (
				D0FEB7C61AFBD5880014FF01 /* LyftTripHistoryTests.m in Sources */,
				D0BABC851AFD21C50052F0AC /* LTHTripTests.m in Sources */,
			);
			runOnlyForDeploymentPostprocessing = 0;
		};
/* End PBXSourcesBuildPhase section */

/* Begin PBXTargetDependency section */
		D0FEB7C11AFBD5880014FF01 /* PBXTargetDependency */ = {
			isa = PBXTargetDependency;
			target = D0FEB7A51AFBD5880014FF01 /* LyftTripHistory */;
			targetProxy = D0FEB7C01AFBD5880014FF01 /* PBXContainerItemProxy */;
		};
/* End PBXTargetDependency section */

/* Begin PBXVariantGroup section */
		D0FEB7B31AFBD5880014FF01 /* Main.storyboard */ = {
			isa = PBXVariantGroup;
			children = (
				D0FEB7B41AFBD5880014FF01 /* Base */,
			);
			name = Main.storyboard;
			sourceTree = "<group>";
		};
		D0FEB7B81AFBD5880014FF01 /* LaunchScreen.xib */ = {
			isa = PBXVariantGroup;
			children = (
				D0FEB7B91AFBD5880014FF01 /* Base */,
			);
			name = LaunchScreen.xib;
			sourceTree = "<group>";
		};
/* End PBXVariantGroup section */

/* Begin XCBuildConfiguration section */
		D0FEB7C71AFBD5880014FF01 /* Debug */ = {
			isa = XCBuildConfiguration;
			buildSettings = {
				ALWAYS_SEARCH_USER_PATHS = NO;
				CLANG_CXX_LANGUAGE_STANDARD = "gnu++0x";
				CLANG_CXX_LIBRARY = "libc++";
				CLANG_ENABLE_MODULES = YES;
				CLANG_ENABLE_OBJC_ARC = YES;
				CLANG_WARN_BOOL_CONVERSION = YES;
				CLANG_WARN_CONSTANT_CONVERSION = YES;
				CLANG_WARN_DIRECT_OBJC_ISA_USAGE = YES_ERROR;
				CLANG_WARN_EMPTY_BODY = YES;
				CLANG_WARN_ENUM_CONVERSION = YES;
				CLANG_WARN_INT_CONVERSION = YES;
				CLANG_WARN_OBJC_ROOT_CLASS = YES_ERROR;
				CLANG_WARN_UNREACHABLE_CODE = YES;
				CLANG_WARN__DUPLICATE_METHOD_MATCH = YES;
				"CODE_SIGN_IDENTITY[sdk=iphoneos*]" = "iPhone Developer";
				COPY_PHASE_STRIP = NO;
				DEBUG_INFORMATION_FORMAT = "dwarf-with-dsym";
				ENABLE_STRICT_OBJC_MSGSEND = YES;
				GCC_C_LANGUAGE_STANDARD = gnu99;
				GCC_DYNAMIC_NO_PIC = NO;
				GCC_NO_COMMON_BLOCKS = YES;
				GCC_OPTIMIZATION_LEVEL = 0;
				GCC_PREPROCESSOR_DEFINITIONS = (
					"DEBUG=1",
					"$(inherited)",
				);
				GCC_SYMBOLS_PRIVATE_EXTERN = NO;
				GCC_WARN_64_TO_32_BIT_CONVERSION = YES;
				GCC_WARN_ABOUT_RETURN_TYPE = YES_ERROR;
				GCC_WARN_UNDECLARED_SELECTOR = YES;
				GCC_WARN_UNINITIALIZED_AUTOS = YES_AGGRESSIVE;
				GCC_WARN_UNUSED_FUNCTION = YES;
				GCC_WARN_UNUSED_VARIABLE = YES;
				IPHONEOS_DEPLOYMENT_TARGET = 8.3;
				MTL_ENABLE_DEBUG_INFO = YES;
				ONLY_ACTIVE_ARCH = YES;
				SDKROOT = iphoneos;
			};
			name = Debug;
		};
		D0FEB7C81AFBD5880014FF01 /* Release */ = {
			isa = XCBuildConfiguration;
			buildSettings = {
				ALWAYS_SEARCH_USER_PATHS = NO;
				CLANG_CXX_LANGUAGE_STANDARD = "gnu++0x";
				CLANG_CXX_LIBRARY = "libc++";
				CLANG_ENABLE_MODULES = YES;
				CLANG_ENABLE_OBJC_ARC = YES;
				CLANG_WARN_BOOL_CONVERSION = YES;
				CLANG_WARN_CONSTANT_CONVERSION = YES;
				CLANG_WARN_DIRECT_OBJC_ISA_USAGE = YES_ERROR;
				CLANG_WARN_EMPTY_BODY = YES;
				CLANG_WARN_ENUM_CONVERSION = YES;
				CLANG_WARN_INT_CONVERSION = YES;
				CLANG_WARN_OBJC_ROOT_CLASS = YES_ERROR;
				CLANG_WARN_UNREACHABLE_CODE = YES;
				CLANG_WARN__DUPLICATE_METHOD_MATCH = YES;
				"CODE_SIGN_IDENTITY[sdk=iphoneos*]" = "iPhone Developer";
				COPY_PHASE_STRIP = NO;
				DEBUG_INFORMATION_FORMAT = "dwarf-with-dsym";
				ENABLE_NS_ASSERTIONS = NO;
				ENABLE_STRICT_OBJC_MSGSEND = YES;
				GCC_C_LANGUAGE_STANDARD = gnu99;
				GCC_NO_COMMON_BLOCKS = YES;
				GCC_WARN_64_TO_32_BIT_CONVERSION = YES;
				GCC_WARN_ABOUT_RETURN_TYPE = YES_ERROR;
				GCC_WARN_UNDECLARED_SELECTOR = YES;
				GCC_WARN_UNINITIALIZED_AUTOS = YES_AGGRESSIVE;
				GCC_WARN_UNUSED_FUNCTION = YES;
				GCC_WARN_UNUSED_VARIABLE = YES;
				IPHONEOS_DEPLOYMENT_TARGET = 8.3;
				MTL_ENABLE_DEBUG_INFO = NO;
				SDKROOT = iphoneos;
				VALIDATE_PRODUCT = YES;
			};
			name = Release;
		};
		D0FEB7CA1AFBD5880014FF01 /* Debug */ = {
			isa = XCBuildConfiguration;
			buildSettings = {
				ASSETCATALOG_COMPILER_APPICON_NAME = AppIcon;
				INFOPLIST_FILE = LyftTripHistory/Info.plist;
				LD_RUNPATH_SEARCH_PATHS = "$(inherited) @executable_path/Frameworks";
				PRODUCT_NAME = "$(TARGET_NAME)";
			};
			name = Debug;
		};
		D0FEB7CB1AFBD5880014FF01 /* Release */ = {
			isa = XCBuildConfiguration;
			buildSettings = {
				ASSETCATALOG_COMPILER_APPICON_NAME = AppIcon;
				INFOPLIST_FILE = LyftTripHistory/Info.plist;
				LD_RUNPATH_SEARCH_PATHS = "$(inherited) @executable_path/Frameworks";
				PRODUCT_NAME = "$(TARGET_NAME)";
			};
			name = Release;
		};
		D0FEB7CD1AFBD5880014FF01 /* Debug */ = {
			isa = XCBuildConfiguration;
			buildSettings = {
				BUNDLE_LOADER = "$(TEST_HOST)";
				FRAMEWORK_SEARCH_PATHS = (
					"$(SDKROOT)/Developer/Library/Frameworks",
					"$(inherited)",
				);
				GCC_PREPROCESSOR_DEFINITIONS = (
					"DEBUG=1",
					"$(inherited)",
				);
				INFOPLIST_FILE = LyftTripHistoryTests/Info.plist;
				LD_RUNPATH_SEARCH_PATHS = "$(inherited) @executable_path/Frameworks @loader_path/Frameworks";
				PRODUCT_NAME = "$(TARGET_NAME)";
				TEST_HOST = "$(BUILT_PRODUCTS_DIR)/LyftTripHistory.app/LyftTripHistory";
			};
			name = Debug;
		};
		D0FEB7CE1AFBD5880014FF01 /* Release */ = {
			isa = XCBuildConfiguration;
			buildSettings = {
				BUNDLE_LOADER = "$(TEST_HOST)";
				FRAMEWORK_SEARCH_PATHS = (
					"$(SDKROOT)/Developer/Library/Frameworks",
					"$(inherited)",
				);
				INFOPLIST_FILE = LyftTripHistoryTests/Info.plist;
				LD_RUNPATH_SEARCH_PATHS = "$(inherited) @executable_path/Frameworks @loader_path/Frameworks";
				PRODUCT_NAME = "$(TARGET_NAME)";
				TEST_HOST = "$(BUILT_PRODUCTS_DIR)/LyftTripHistory.app/LyftTripHistory";
			};
			name = Release;
		};
/* End XCBuildConfiguration section */

/* Begin XCConfigurationList section */
		D0FEB7A11AFBD5880014FF01 /* Build configuration list for PBXProject "LyftTripHistory" */ = {
			isa = XCConfigurationList;
			buildConfigurations = (
				D0FEB7C71AFBD5880014FF01 /* Debug */,
				D0FEB7C81AFBD5880014FF01 /* Release */,
			);
			defaultConfigurationIsVisible = 0;
			defaultConfigurationName = Release;
		};
		D0FEB7C91AFBD5880014FF01 /* Build configuration list for PBXNativeTarget "LyftTripHistory" */ = {
			isa = XCConfigurationList;
			buildConfigurations = (
				D0FEB7CA1AFBD5880014FF01 /* Debug */,
				D0FEB7CB1AFBD5880014FF01 /* Release */,
			);
			defaultConfigurationIsVisible = 0;
			defaultConfigurationName = Release;
		};
		D0FEB7CC1AFBD5880014FF01 /* Build configuration list for PBXNativeTarget "LyftTripHistoryTests" */ = {
			isa = XCConfigurationList;
			buildConfigurations = (
				D0FEB7CD1AFBD5880014FF01 /* Debug */,
				D0FEB7CE1AFBD5880014FF01 /* Release */,
			);
			defaultConfigurationIsVisible = 0;
			defaultConfigurationName = Release;
		};
/* End XCConfigurationList section */
	};
	rootObject = D0FEB79E1AFBD5880014FF01 /* Project object */;
}
